{
  "originHash" : "619b6ba0aa38b709d1bd89484347602aed2bfcc4b2e6a617d87a7f9f70685fa6",
  "pins" : [
    {
      "identity" : "ascapiclient",
      "kind" : "remoteSourceControl",
      "location" : "https://github.com/hmhv/ASCAPIClient.git",
      "state" : {
        "revision" : "ed3f3109fb6ff7ab1618c5b567331643539e17e4",
        "version" : "3.7.0"
      }
    }
  ],
  "version" : 3
}
